
Microsoft Visual Studio Solution File, Format Version 12.00
Project("{FAE04EC0-301F-11D3-BF4B-00C04F79EFBC}") = "TestResourcesApp", "TestResourcesApp\TestResourcesApp.csproj", "{7AAFAE33-20BF-4B01-A3B2-75E5195AE626}"
EndProject
Global
	GlobalSection(SolutionConfigurationPlatforms) = preSolution
		Debug|Any CPU = Debug|Any CPU
		Release|Any CPU = Release|Any CPU
	EndGlobalSection
	GlobalSection(ProjectConfigurationPlatforms) = postSolution
		{7AAFAE33-20BF-4B01-A3B2-75E5195AE626}.Debug|Any CPU.ActiveCfg = Debug|Any CPU
		{7AAFAE33-20BF-4B01-A3B2-75E5195AE626}.Debug|Any CPU.Build.0 = Debug|Any CPU
		{7AAFAE33-20BF-4B01-A3B2-75E5195AE626}.Release|Any CPU.ActiveCfg = Release|Any CPU
		{7AAFAE33-20BF-4B01-A3B2-75E5195AE626}.Release|Any CPU.Build.0 = Release|Any CPU
	EndGlobalSection
EndGlobal
